
Microsoft Visual Studio Solution File, Format Version 12.00
# Visual Studio Version 16
VisualStudioVersion = 16.0.29613.14
MinimumVisualStudioVersion = 10.0.40219.1
Project("{FAE04EC0-301F-11D3-BF4B-00C04F79EFBC}") = "CryptoConnStrDemo", "CryptoConnStrDemo\CryptoConnStrDemo.csproj", "{EC9F2E1C-61FD-4DAF-9D1B-549C07989B48}"
EndProject
Global
	GlobalSection(SolutionConfigurationPlatforms) = preSolution
		Debug|Any CPU = Debug|Any CPU
		Release|Any CPU = Release|Any CPU
	EndGlobalSection
	GlobalSection(ProjectConfigurationPlatforms) = postSolution
		{EC9F2E1C-61FD-4DAF-9D1B-549C07989B48}.Debug|Any CPU.ActiveCfg = Debug|Any CPU
		{EC9F2E1C-61FD-4DAF-9D1B-549C07989B48}.Debug|Any CPU.Build.0 = Debug|Any CPU
		{EC9F2E1C-61FD-4DAF-9D1B-549C07989B48}.Release|Any CPU.ActiveCfg = Release|Any CPU
		{EC9F2E1C-61FD-4DAF-9D1B-549C07989B48}.Release|Any CPU.Build.0 = Release|Any CPU
	EndGlobalSection
	GlobalSection(SolutionProperties) = preSolution
		HideSolutionNode = FALSE
	EndGlobalSection
	GlobalSection(ExtensibilityGlobals) = postSolution
		SolutionGuid = {4B89C525-4B8E-4054-91FD-19B90B534000}
	EndGlobalSection
EndGlobal
